
Microsoft Visual Studio Solution File, Format Version 12.00
# Visual Studio Version 17
VisualStudioVersion = 17.10.34928.147
MinimumVisualStudioVersion = 10.0.40219.1
Project("{FAE04EC0-301F-11D3-BF4B-00C04F79EFBC}") = "CardiomegalyDiseasePrediction", "CardiomegalyDiseasePrediction\CardiomegalyDiseasePrediction.csproj", "{72FE8C91-FCB6-4F6A-BB7A-F041B225ECA0}"
EndProject
Global
	GlobalSection(SolutionConfigurationPlatforms) = preSolution
		Debug|Any CPU = Debug|Any CPU
		Release|Any CPU = Release|Any CPU
	EndGlobalSection
	GlobalSection(ProjectConfigurationPlatforms) = postSolution
		{72FE8C91-FCB6-4F6A-BB7A-F041B225ECA0}.Debug|Any CPU.ActiveCfg = Debug|Any CPU
		{72FE8C91-FCB6-4F6A-BB7A-F041B225ECA0}.Debug|Any CPU.Build.0 = Debug|Any CPU
		{72FE8C91-FCB6-4F6A-BB7A-F041B225ECA0}.Release|Any CPU.ActiveCfg = Release|Any CPU
		{72FE8C91-FCB6-4F6A-BB7A-F041B225ECA0}.Release|Any CPU.Build.0 = Release|Any CPU
	EndGlobalSection
	GlobalSection(SolutionProperties) = preSolution
		HideSolutionNode = FALSE
	EndGlobalSection
	GlobalSection(ExtensibilityGlobals) = postSolution
		SolutionGuid = {B7923892-5F5F-40CB-9834-017FD4652558}
	EndGlobalSection
EndGlobal
